
Microsoft Visual Studio Solution File, Format Version 12.00
# Visual Studio Version 17
VisualStudioVersion = 17.8.34525.116
MinimumVisualStudioVersion = 10.0.40219.1
Project("{9A19103F-16F7-4668-BE54-9A1E7A4F7556}") = "TestGurusoftAPI", "TestGurusoft\TestGurusoftAPI.csproj", "{2D9B19B5-7956-4A9F-862C-E3BB58BAE2E5}"
EndProject
Project("{9A19103F-16F7-4668-BE54-9A1E7A4F7556}") = "ConsolaPrimos", "Primos\ConsolaPrimos.csproj", "{A047643D-4E2E-4BBC-85F5-5DCDC61FE92A}"
EndProject
Project("{9A19103F-16F7-4668-BE54-9A1E7A4F7556}") = "Utilidades", "Utilidades\Utilidades.csproj", "{98DC718A-2558-44E1-A8BC-81AA9E6CEBE9}"
EndProject
Project("{9A19103F-16F7-4668-BE54-9A1E7A4F7556}") = "ConsolaGestos", "ConsolaGestos\ConsolaGestos.csproj", "{3234C70B-14D7-4616-97C2-0539D5F71242}"
EndProject
Project("{FAE04EC0-301F-11D3-BF4B-00C04F79EFBC}") = "TestGurusoftWEB", "TestGurusoftWEB\TestGurusoftWEB.csproj", "{3C2D1CBB-FBDD-4A16-84BC-83DC06D86EE6}"
EndProject
Global
	GlobalSection(SolutionConfigurationPlatforms) = preSolution
		Debug|Any CPU = Debug|Any CPU
		Release|Any CPU = Release|Any CPU
	EndGlobalSection
	GlobalSection(ProjectConfigurationPlatforms) = postSolution
		{2D9B19B5-7956-4A9F-862C-E3BB58BAE2E5}.Debug|Any CPU.ActiveCfg = Debug|Any CPU
		{2D9B19B5-7956-4A9F-862C-E3BB58BAE2E5}.Debug|Any CPU.Build.0 = Debug|Any CPU
		{2D9B19B5-7956-4A9F-862C-E3BB58BAE2E5}.Release|Any CPU.ActiveCfg = Release|Any CPU
		{2D9B19B5-7956-4A9F-862C-E3BB58BAE2E5}.Release|Any CPU.Build.0 = Release|Any CPU
		{A047643D-4E2E-4BBC-85F5-5DCDC61FE92A}.Debug|Any CPU.ActiveCfg = Debug|Any CPU
		{A047643D-4E2E-4BBC-85F5-5DCDC61FE92A}.Debug|Any CPU.Build.0 = Debug|Any CPU
		{A047643D-4E2E-4BBC-85F5-5DCDC61FE92A}.Release|Any CPU.ActiveCfg = Release|Any CPU
		{A047643D-4E2E-4BBC-85F5-5DCDC61FE92A}.Release|Any CPU.Build.0 = Release|Any CPU
		{98DC718A-2558-44E1-A8BC-81AA9E6CEBE9}.Debug|Any CPU.ActiveCfg = Debug|Any CPU
		{98DC718A-2558-44E1-A8BC-81AA9E6CEBE9}.Debug|Any CPU.Build.0 = Debug|Any CPU
		{98DC718A-2558-44E1-A8BC-81AA9E6CEBE9}.Release|Any CPU.ActiveCfg = Release|Any CPU
		{98DC718A-2558-44E1-A8BC-81AA9E6CEBE9}.Release|Any CPU.Build.0 = Release|Any CPU
		{3234C70B-14D7-4616-97C2-0539D5F71242}.Debug|Any CPU.ActiveCfg = Debug|Any CPU
		{3234C70B-14D7-4616-97C2-0539D5F71242}.Debug|Any CPU.Build.0 = Debug|Any CPU
		{3234C70B-14D7-4616-97C2-0539D5F71242}.Release|Any CPU.ActiveCfg = Release|Any CPU
		{3234C70B-14D7-4616-97C2-0539D5F71242}.Release|Any CPU.Build.0 = Release|Any CPU
		{3C2D1CBB-FBDD-4A16-84BC-83DC06D86EE6}.Debug|Any CPU.ActiveCfg = Debug|Any CPU
		{3C2D1CBB-FBDD-4A16-84BC-83DC06D86EE6}.Debug|Any CPU.Build.0 = Debug|Any CPU
		{3C2D1CBB-FBDD-4A16-84BC-83DC06D86EE6}.Release|Any CPU.ActiveCfg = Release|Any CPU
		{3C2D1CBB-FBDD-4A16-84BC-83DC06D86EE6}.Release|Any CPU.Build.0 = Release|Any CPU
	EndGlobalSection
	GlobalSection(SolutionProperties) = preSolution
		HideSolutionNode = FALSE
	EndGlobalSection
	GlobalSection(ExtensibilityGlobals) = postSolution
		SolutionGuid = {B72751D6-6F10-4579-B9CE-EABCBFE756B9}
	EndGlobalSection
EndGlobal
